[messaging]
path = "external/wasmcloud/messaging"
sha256 = "d8026e0b38a27c4dd2a722215f6b31f048a546143d0c93e3288e68f5da7c65aa"
sha512 = "8e750d1353e63b46e283a56f013476457138f08fb1f51011a8f8fbb670cb0e221b2c53b3993d08671885bcd2624f1be3d95c08326a7e7cd9befa66f32b1a8ff7"

[wasi]
path = "external/io"
sha256 = "f2e6127b235c37c06be675a904d6acf08db953ea688d78c42892c6ad3bd194e4"
sha512 = "32feefbc115c34bf6968cb6e9dc15e755698ee90648e5a5d84448917c36a318bd61b401195eb64330e2475e1d098bfb8dee1440d594a68e0797748762bd84ae5"

[wasmcloud]
path = "external/wasmcloud"
sha256 = "1a8bc8bccad13a0042d08749dd73bf9ed4e240495fdb1ca6da05cdb4d2fcda4e"
sha512 = "37760f73bd61e5d51fea72071e24b47b7dba0cccb8c6e172770895419b11b1f4b06deb3a7ef3369c930c929fe5f6918dbdec467c5fd12aef9d41ddd5ec49f5e4"
